
Microsoft Visual Studio Solution File, Format Version 12.00
# Visual Studio Version 17
VisualStudioVersion = 17.14.36401.2 d17.14
MinimumVisualStudioVersion = 10.0.40219.1
Project("{FAE04EC0-301F-11D3-BF4B-00C04F79EFBC}") = "CineFinder.API", "CineFinder.API.csproj", "{8D65D318-3B24-0DB4-2E8D-95EBFD3E55A0}"
EndProject
Global
	GlobalSection(SolutionConfigurationPlatforms) = preSolution
		Debug|Any CPU = Debug|Any CPU
		Release|Any CPU = Release|Any CPU
	EndGlobalSection
	GlobalSection(ProjectConfigurationPlatforms) = postSolution
		{8D65D318-3B24-0DB4-2E8D-95EBFD3E55A0}.Debug|Any CPU.ActiveCfg = Debug|Any CPU
		{8D65D318-3B24-0DB4-2E8D-95EBFD3E55A0}.Debug|Any CPU.Build.0 = Debug|Any CPU
		{8D65D318-3B24-0DB4-2E8D-95EBFD3E55A0}.Release|Any CPU.ActiveCfg = Release|Any CPU
		{8D65D318-3B24-0DB4-2E8D-95EBFD3E55A0}.Release|Any CPU.Build.0 = Release|Any CPU
	EndGlobalSection
	GlobalSection(SolutionProperties) = preSolution
		HideSolutionNode = FALSE
	EndGlobalSection
	GlobalSection(ExtensibilityGlobals) = postSolution
		SolutionGuid = {00259A77-C7A3-4D5D-BF86-80955BE56E0A}
	EndGlobalSection
EndGlobal
